
Microsoft Visual Studio Solution File, Format Version 12.00
# Visual Studio Version 17
VisualStudioVersion = 17.0.31521.260
MinimumVisualStudioVersion = 10.0.40219.1
Project("{9A19103F-16F7-4668-BE54-9A1E7A4F7556}") = "RabbitMqProducerIntroduction", "RabbitMqSamples\RabbitMqProducerIntroduction.csproj", "{D0E7F736-3B50-47EF-B47B-39A22FFF22CD}"
EndProject
Project("{9A19103F-16F7-4668-BE54-9A1E7A4F7556}") = "RabbitMqConsumerIntroduction", "RabbitMqConsumer\RabbitMqConsumerIntroduction.csproj", "{FA556AE2-40B1-4680-BE2D-0B1F198BC97C}"
EndProject
Project("{9A19103F-16F7-4668-BE54-9A1E7A4F7556}") = "RabbitMqConsumerLesson2", "RabbitMqConsumerLesson2\RabbitMqConsumerLesson2.csproj", "{D59FA1FA-BD86-4AE9-9A12-B7AF888209A3}"
EndProject
Project("{9A19103F-16F7-4668-BE54-9A1E7A4F7556}") = "RabbitMqProducerLesson2", "RabbitMqProducerLesson2\RabbitMqProducerLesson2.csproj", "{6EB8C95B-B8B2-4926-8FF5-5E63A451863E}"
EndProject
Project("{9A19103F-16F7-4668-BE54-9A1E7A4F7556}") = "RabbitMqConsumerLesson3", "RabbitMqConsumerLesson3\RabbitMqConsumerLesson3.csproj", "{FD9C6098-BE27-4539-88C3-71E84AB22D80}"
EndProject
Project("{9A19103F-16F7-4668-BE54-9A1E7A4F7556}") = "RabbitMqProducerLesson3", "RabbitMqProducerLesson3\RabbitMqProducerLesson3.csproj", "{C0549F91-6E60-47DD-9CF6-B0094568166A}"
EndProject
Project("{FAE04EC0-301F-11D3-BF4B-00C04F79EFBC}") = "RabbitMqConsumerLesson4", "RabbitMqConsumerLesson4\RabbitMqConsumerLesson4.csproj", "{CD2AEA8C-B0F2-4F4C-ACEA-F2CF24B5D3E7}"
EndProject
Project("{FAE04EC0-301F-11D3-BF4B-00C04F79EFBC}") = "RabbitMqProducerLesson4", "RabbitMqProducerLesson4\RabbitMqProducerLesson4.csproj", "{752A37E7-EDC2-4D3F-89F5-D0BA3E917B74}"
EndProject
Global
	GlobalSection(SolutionConfigurationPlatforms) = preSolution
		Debug|Any CPU = Debug|Any CPU
		Release|Any CPU = Release|Any CPU
	EndGlobalSection
	GlobalSection(ProjectConfigurationPlatforms) = postSolution
		{D0E7F736-3B50-47EF-B47B-39A22FFF22CD}.Debug|Any CPU.ActiveCfg = Debug|Any CPU
		{D0E7F736-3B50-47EF-B47B-39A22FFF22CD}.Debug|Any CPU.Build.0 = Debug|Any CPU
		{D0E7F736-3B50-47EF-B47B-39A22FFF22CD}.Release|Any CPU.ActiveCfg = Release|Any CPU
		{D0E7F736-3B50-47EF-B47B-39A22FFF22CD}.Release|Any CPU.Build.0 = Release|Any CPU
		{FA556AE2-40B1-4680-BE2D-0B1F198BC97C}.Debug|Any CPU.ActiveCfg = Debug|Any CPU
		{FA556AE2-40B1-4680-BE2D-0B1F198BC97C}.Debug|Any CPU.Build.0 = Debug|Any CPU
		{FA556AE2-40B1-4680-BE2D-0B1F198BC97C}.Release|Any CPU.ActiveCfg = Release|Any CPU
		{FA556AE2-40B1-4680-BE2D-0B1F198BC97C}.Release|Any CPU.Build.0 = Release|Any CPU
		{D59FA1FA-BD86-4AE9-9A12-B7AF888209A3}.Debug|Any CPU.ActiveCfg = Debug|Any CPU
		{D59FA1FA-BD86-4AE9-9A12-B7AF888209A3}.Debug|Any CPU.Build.0 = Debug|Any CPU
		{D59FA1FA-BD86-4AE9-9A12-B7AF888209A3}.Release|Any CPU.ActiveCfg = Release|Any CPU
		{D59FA1FA-BD86-4AE9-9A12-B7AF888209A3}.Release|Any CPU.Build.0 = Release|Any CPU
		{6EB8C95B-B8B2-4926-8FF5-5E63A451863E}.Debug|Any CPU.ActiveCfg = Debug|Any CPU
		{6EB8C95B-B8B2-4926-8FF5-5E63A451863E}.Debug|Any CPU.Build.0 = Debug|Any CPU
		{6EB8C95B-B8B2-4926-8FF5-5E63A451863E}.Release|Any CPU.ActiveCfg = Release|Any CPU
		{6EB8C95B-B8B2-4926-8FF5-5E63A451863E}.Release|Any CPU.Build.0 = Release|Any CPU
		{FD9C6098-BE27-4539-88C3-71E84AB22D80}.Debug|Any CPU.ActiveCfg = Debug|Any CPU
		{FD9C6098-BE27-4539-88C3-71E84AB22D80}.Debug|Any CPU.Build.0 = Debug|Any CPU
		{FD9C6098-BE27-4539-88C3-71E84AB22D80}.Release|Any CPU.ActiveCfg = Release|Any CPU
		{FD9C6098-BE27-4539-88C3-71E84AB22D80}.Release|Any CPU.Build.0 = Release|Any CPU
		{C0549F91-6E60-47DD-9CF6-B0094568166A}.Debug|Any CPU.ActiveCfg = Debug|Any CPU
		{C0549F91-6E60-47DD-9CF6-B0094568166A}.Debug|Any CPU.Build.0 = Debug|Any CPU
		{C0549F91-6E60-47DD-9CF6-B0094568166A}.Release|Any CPU.ActiveCfg = Release|Any CPU
		{C0549F91-6E60-47DD-9CF6-B0094568166A}.Release|Any CPU.Build.0 = Release|Any CPU
		{CD2AEA8C-B0F2-4F4C-ACEA-F2CF24B5D3E7}.Debug|Any CPU.ActiveCfg = Debug|Any CPU
		{CD2AEA8C-B0F2-4F4C-ACEA-F2CF24B5D3E7}.Debug|Any CPU.Build.0 = Debug|Any CPU
		{CD2AEA8C-B0F2-4F4C-ACEA-F2CF24B5D3E7}.Release|Any CPU.ActiveCfg = Release|Any CPU
		{CD2AEA8C-B0F2-4F4C-ACEA-F2CF24B5D3E7}.Release|Any CPU.Build.0 = Release|Any CPU
		{752A37E7-EDC2-4D3F-89F5-D0BA3E917B74}.Debug|Any CPU.ActiveCfg = Debug|Any CPU
		{752A37E7-EDC2-4D3F-89F5-D0BA3E917B74}.Debug|Any CPU.Build.0 = Debug|Any CPU
		{752A37E7-EDC2-4D3F-89F5-D0BA3E917B74}.Release|Any CPU.ActiveCfg = Release|Any CPU
		{752A37E7-EDC2-4D3F-89F5-D0BA3E917B74}.Release|Any CPU.Build.0 = Release|Any CPU
	EndGlobalSection
	GlobalSection(SolutionProperties) = preSolution
		HideSolutionNode = FALSE
	EndGlobalSection
	GlobalSection(ExtensibilityGlobals) = postSolution
		SolutionGuid = {B6666FC2-FD02-4B12-B185-17025776AC7A}
	EndGlobalSection
EndGlobal
